// !$*UTF8*$!
{
	archiveVersion = 1;
	classes = {
	};
	objectVersion = 55;
	objects = {

/* Begin PBXBuildFile section */
		B5097EE32805CAEF009F80EB /* DetailViewController.swift in Sources */ = {isa = PBXBuildFile; fileRef = B5097EE22805CAEF009F80EB /* DetailViewController.swift */; };
		B5097EE52805CEDB009F80EB /* MapViewController.swift in Sources */ = {isa = PBXBuildFile; fileRef = B5097EE42805CEDB009F80EB /* MapViewController.swift */; };
		B5097EE92805D197009F80EB /* VirtualTouristClient.swift in Sources */ = {isa = PBXBuildFile; fileRef = B5097EE82805D197009F80EB /* VirtualTouristClient.swift */; };
		B5097EED2805D69F009F80EB /* PhotoResponse.swift in Sources */ = {isa = PBXBuildFile; fileRef = B5097EEC2805D69F009F80EB /* PhotoResponse.swift */; };
		B5097EF02805E7E4009F80EB /* CollectionViewCell.swift in Sources */ = {isa = PBXBuildFile; fileRef = B5097EEF2805E7E4009F80EB /* CollectionViewCell.swift */; };
		B5097EF22806B396009F80EB /* Constants.swift in Sources */ = {isa = PBXBuildFile; fileRef = B5097EF12806B396009F80EB /* Constants.swift */; };
		B5097EF42806C85F009F80EB /* UIImageView+Extensions.swift in Sources */ = {isa = PBXBuildFile; fileRef = B5097EF32806C85F009F80EB /* UIImageView+Extensions.swift */; };
		B5C10EB82805904F0098F98A /* AppDelegate.swift in Sources */ = {isa = PBXBuildFile; fileRef = B5C10EB72805904F0098F98A /* AppDelegate.swift */; };
		B5C10EBC2805904F0098F98A /* TravelLocationsMapViewController.swift in Sources */ = {isa = PBXBuildFile; fileRef = B5C10EBB2805904F0098F98A /* TravelLocationsMapViewController.swift */; };
		B5C10EBF2805904F0098F98A /* Main.storyboard in Resources */ = {isa = PBXBuildFile; fileRef = B5C10EBD2805904F0098F98A /* Main.storyboard */; };
		B5C10EC1280590500098F98A /* Assets.xcassets in Resources */ = {isa = PBXBuildFile; fileRef = B5C10EC0280590500098F98A /* Assets.xcassets */; };
		B5C10EC4280590500098F98A /* LaunchScreen.storyboard in Resources */ = {isa = PBXBuildFile; fileRef = B5C10EC2280590500098F98A /* LaunchScreen.storyboard */; };
		B5C10ECF280594D10098F98A /* VirtualTourist.xcdatamodeld in Sources */ = {isa = PBXBuildFile; fileRef = B5C10ECD280594D10098F98A /* VirtualTourist.xcdatamodeld */; };
		B5C10ED12805969B0098F98A /* DataController.swift in Sources */ = {isa = PBXBuildFile; fileRef = B5C10ED02805969B0098F98A /* DataController.swift */; };
/* End PBXBuildFile section */

/* Begin PBXFileReference section */
		B5097EE22805CAEF009F80EB /* DetailViewController.swift */ = {isa = PBXFileReference; lastKnownFileType = sourcecode.swift; path = DetailViewController.swift; sourceTree = "<group>"; };
		B5097EE42805CEDB009F80EB /* MapViewController.swift */ = {isa = PBXFileReference; lastKnownFileType = sourcecode.swift; path = MapViewController.swift; sourceTree = "<group>"; };
		B5097EE82805D197009F80EB /* VirtualTouristClient.swift */ = {isa = PBXFileReference; lastKnownFileType = sourcecode.swift; path = VirtualTouristClient.swift; sourceTree = "<group>"; };
		B5097EEC2805D69F009F80EB /* PhotoResponse.swift */ = {isa = PBXFileReference; lastKnownFileType = sourcecode.swift; path = PhotoResponse.swift; sourceTree = "<group>"; };
		B5097EEF2805E7E4009F80EB /* CollectionViewCell.swift */ = {isa = PBXFileReference; lastKnownFileType = sourcecode.swift; path = CollectionViewCell.swift; sourceTree = "<group>"; };
		B5097EF12806B396009F80EB /* Constants.swift */ = {isa = PBXFileReference; lastKnownFileType = sourcecode.swift; path = Constants.swift; sourceTree = "<group>"; };
		B5097EF32806C85F009F80EB /* UIImageView+Extensions.swift */ = {isa = PBXFileReference; lastKnownFileType = sourcecode.swift; path = "UIImageView+Extensions.swift"; sourceTree = "<group>"; };
		B5C10EB42805904F0098F98A /* VrtualTourist.app */ = {isa = PBXFileReference; explicitFileType = wrapper.application; includeInIndex = 0; path = VrtualTourist.app; sourceTree = BUILT_PRODUCTS_DIR; };
		B5C10EB72805904F0098F98A /* AppDelegate.swift */ = {isa = PBXFileReference; lastKnownFileType = sourcecode.swift; path = AppDelegate.swift; sourceTree = "<group>"; };
		B5C10EBB2805904F0098F98A /* TravelLocationsMapViewController.swift */ = {isa = PBXFileReference; lastKnownFileType = sourcecode.swift; path = TravelLocationsMapViewController.swift; sourceTree = "<group>"; };
		B5C10EBE2805904F0098F98A /* Base */ = {isa = PBXFileReference; lastKnownFileType = file.storyboard; name = Base; path = Base.lproj/Main.storyboard; sourceTree = "<group>"; };
		B5C10EC0280590500098F98A /* Assets.xcassets */ = {isa = PBXFileReference; lastKnownFileType = folder.assetcatalog; path = Assets.xcassets; sourceTree = "<group>"; };
		B5C10EC3280590500098F98A /* Base */ = {isa = PBXFileReference; lastKnownFileType = file.storyboard; name = Base; path = Base.lproj/LaunchScreen.storyboard; sourceTree = "<group>"; };
		B5C10EC5280590500098F98A /* Info.plist */ = {isa = PBXFileReference; lastKnownFileType = text.plist.xml; path = Info.plist; sourceTree = "<group>"; };
		B5C10ECE280594D10098F98A /* VirtualTourist.xcdatamodel */ = {isa = PBXFileReference; lastKnownFileType = wrapper.xcdatamodel; path = VirtualTourist.xcdatamodel; sourceTree = "<group>"; };
		B5C10ED02805969B0098F98A /* DataController.swift */ = {isa = PBXFileReference; lastKnownFileType = sourcecode.swift; path = DataController.swift; sourceTree = "<group>"; };
/* End PBXFileReference section */

/* Begin PBXFrameworksBuildPhase section */
		B5C10EB12805904F0098F98A /* Frameworks */ = {
			isa = PBXFrameworksBuildPhase;
			buildActionMask = 2147483647;
			files = (
			);
			runOnlyForDeploymentPostprocessing = 0;
		};
/* End PBXFrameworksBuildPhase section */

/* Begin PBXGroup section */
		B5097EE62805D170009F80EB /* Remote */ = {
			isa = PBXGroup;
			children = (
				B5097EE82805D197009F80EB /* VirtualTouristClient.swift */,
				B5097EEC2805D69F009F80EB /* PhotoResponse.swift */,
			);
			path = Remote;
			sourceTree = "<group>";
		};
		B5097EE72805D179009F80EB /* Local */ = {
			isa = PBXGroup;
			children = (
				B5C10ECD280594D10098F98A /* VirtualTourist.xcdatamodeld */,
				B5C10ED02805969B0098F98A /* DataController.swift */,
			);
			path = Local;
			sourceTree = "<group>";
		};
		B5097EEE2805E7CE009F80EB /* Views */ = {
			isa = PBXGroup;
			children = (
				B5097EEF2805E7E4009F80EB /* CollectionViewCell.swift */,
			);
			path = Views;
			sourceTree = "<group>";
		};
		B5C10EAB2805904F0098F98A = {
			isa = PBXGroup;
			children = (
				B5C10EB72805904F0098F98A /* AppDelegate.swift */,
				B5C10EB62805904F0098F98A /* VrtualTourist */,
				B5C10EB52805904F0098F98A /* Products */,
			);
			sourceTree = "<group>";
		};
		B5C10EB52805904F0098F98A /* Products */ = {
			isa = PBXGroup;
			children = (
				B5C10EB42805904F0098F98A /* VrtualTourist.app */,
			);
			name = Products;
			sourceTree = "<group>";
		};
		B5C10EB62805904F0098F98A /* VrtualTourist */ = {
			isa = PBXGroup;
			children = (
				B5C10ECC2805947F0098F98A /* Model */,
				B5C10ECB2805918D0098F98A /* View Controller */,
				B5097EEE2805E7CE009F80EB /* Views */,
				B5C10EBD2805904F0098F98A /* Main.storyboard */,
				B5C10EC0280590500098F98A /* Assets.xcassets */,
				B5C10EC2280590500098F98A /* LaunchScreen.storyboard */,
				B5C10EC5280590500098F98A /* Info.plist */,
			);
			path = VrtualTourist;
			sourceTree = "<group>";
		};
		B5C10ECB2805918D0098F98A /* View Controller */ = {
			isa = PBXGroup;
			children = (
				B5C10EBB2805904F0098F98A /* TravelLocationsMapViewController.swift */,
				B5097EE22805CAEF009F80EB /* DetailViewController.swift */,
				B5097EE42805CEDB009F80EB /* MapViewController.swift */,
			);
			path = "View Controller";
			sourceTree = "<group>";
		};
		B5C10ECC2805947F0098F98A /* Model */ = {
			isa = PBXGroup;
			children = (
				B5097EE72805D179009F80EB /* Local */,
				B5097EE62805D170009F80EB /* Remote */,
				B5097EF12806B396009F80EB /* Constants.swift */,
				B5097EF32806C85F009F80EB /* UIImageView+Extensions.swift */,
			);
			path = Model;
			sourceTree = "<group>";
		};
/* End PBXGroup section */

/* Begin PBXNativeTarget section */
		B5C10EB32805904F0098F98A /* VrtualTourist */ = {
			isa = PBXNativeTarget;
			buildConfigurationList = B5C10EC8280590500098F98A /* Build configuration list for PBXNativeTarget "VrtualTourist" */;
			buildPhases = (
				B5C10EB02805904F0098F98A /* Sources */,
				B5C10EB12805904F0098F98A /* Frameworks */,
				B5C10EB22805904F0098F98A /* Resources */,
			);
			buildRules = (
			);
			dependencies = (
			);
			name = VrtualTourist;
			productName = VrtualTourist;
			productReference = B5C10EB42805904F0098F98A /* VrtualTourist.app */;
			productType = "com.apple.product-type.application";
		};
/* End PBXNativeTarget section */

/* Begin PBXProject section */
		B5C10EAC2805904F0098F98A /* Project object */ = {
			isa = PBXProject;
			attributes = {
				BuildIndependentTargetsInParallel = 1;
				LastSwiftUpdateCheck = 1330;
				LastUpgradeCheck = 1330;
				TargetAttributes = {
					B5C10EB32805904F0098F98A = {
						CreatedOnToolsVersion = 13.3;
					};
				};
			};
			buildConfigurationList = B5C10EAF2805904F0098F98A /* Build configuration list for PBXProject "VrtualTourist" */;
			compatibilityVersion = "Xcode 13.0";
			developmentRegion = en;
			hasScannedForEncodings = 0;
			knownRegions = (
				en,
				Base,
			);
			mainGroup = B5C10EAB2805904F0098F98A;
			productRefGroup = B5C10EB52805904F0098F98A /* Products */;
			projectDirPath = "";
			projectRoot = "";
			targets = (
				B5C10EB32805904F0098F98A /* VrtualTourist */,
			);
		};
/* End PBXProject section */

/* Begin PBXResourcesBuildPhase section */
		B5C10EB22805904F0098F98A /* Resources */ = {
			isa = PBXResourcesBuildPhase;
			buildActionMask = 2147483647;
			files = (
				B5C10EC4280590500098F98A /* LaunchScreen.storyboard in Resources */,
				B5C10EC1280590500098F98A /* Assets.xcassets in Resources */,
				B5C10EBF2805904F0098F98A /* Main.storyboard in Resources */,
			);
			runOnlyForDeploymentPostprocessing = 0;
		};
/* End PBXResourcesBuildPhase section */

/* Begin PBXSourcesBuildPhase section */
		B5C10EB02805904F0098F98A /* Sources */ = {
			isa = PBXSourcesBuildPhase;
			buildActionMask = 2147483647;
			files = (
				B5097EED2805D69F009F80EB /* PhotoResponse.swift in Sources */,
				B5C10ED12805969B0098F98A /* DataController.swift in Sources */,
				B5097EF42806C85F009F80EB /* UIImageView+Extensions.swift in Sources */,
				B5097EF02805E7E4009F80EB /* CollectionViewCell.swift in Sources */,
				B5097EE52805CEDB009F80EB /* MapViewController.swift in Sources */,
				B5097EE92805D197009F80EB /* VirtualTouristClient.swift in Sources */,
				B5097EF22806B396009F80EB /* Constants.swift in Sources */,
				B5C10ECF280594D10098F98A /* VirtualTourist.xcdatamodeld in Sources */,
				B5097EE32805CAEF009F80EB /* DetailViewController.swift in Sources */,
				B5C10EBC2805904F0098F98A /* TravelLocationsMapViewController.swift in Sources */,
				B5C10EB82805904F0098F98A /* AppDelegate.swift in Sources */,
			);
			runOnlyForDeploymentPostprocessing = 0;
		};
/* End PBXSourcesBuildPhase section */

/* Begin PBXVariantGroup section */
		B5C10EBD2805904F0098F98A /* Main.storyboard */ = {
			isa = PBXVariantGroup;
			children = (
				B5C10EBE2805904F0098F98A /* Base */,
			);
			name = Main.storyboard;
			sourceTree = "<group>";
		};
		B5C10EC2280590500098F98A /* LaunchScreen.storyboard */ = {
			isa = PBXVariantGroup;
			children = (
				B5C10EC3280590500098F98A /* Base */,
			);
			name = LaunchScreen.storyboard;
			sourceTree = "<group>";
		};
/* End PBXVariantGroup section */

/* Begin XCBuildConfiguration section */
		B5C10EC6280590500098F98A /* Debug */ = {
			isa = XCBuildConfiguration;
			buildSettings = {
				ALWAYS_SEARCH_USER_PATHS = NO;
				CLANG_ANALYZER_NONNULL = YES;
				CLANG_ANALYZER_NUMBER_OBJECT_CONVERSION = YES_AGGRESSIVE;
				CLANG_CXX_LANGUAGE_STANDARD = "gnu++17";
				CLANG_ENABLE_MODULES = YES;
				CLANG_ENABLE_OBJC_ARC = YES;
				CLANG_ENABLE_OBJC_WEAK = YES;
				CLANG_WARN_BLOCK_CAPTURE_AUTORELEASING = YES;
				CLANG_WARN_BOOL_CONVERSION = YES;
				CLANG_WARN_COMMA = YES;
				CLANG_WARN_CONSTANT_CONVERSION = YES;
				CLANG_WARN_DEPRECATED_OBJC_IMPLEMENTATIONS = YES;
				CLANG_WARN_DIRECT_OBJC_ISA_USAGE = YES_ERROR;
				CLANG_WARN_DOCUMENTATION_COMMENTS = YES;
				CLANG_WARN_EMPTY_BODY = YES;
				CLANG_WARN_ENUM_CONVERSION = YES;
				CLANG_WARN_INFINITE_RECURSION = YES;
				CLANG_WARN_INT_CONVERSION = YES;
				CLANG_WARN_NON_LITERAL_NULL_CONVERSION = YES;
				CLANG_WARN_OBJC_IMPLICIT_RETAIN_SELF = YES;
				CLANG_WARN_OBJC_LITERAL_CONVERSION = YES;
				CLANG_WARN_OBJC_ROOT_CLASS = YES_ERROR;
				CLANG_WARN_QUOTED_INCLUDE_IN_FRAMEWORK_HEADER = YES;
				CLANG_WARN_RANGE_LOOP_ANALYSIS = YES;
				CLANG_WARN_STRICT_PROTOTYPES = YES;
				CLANG_WARN_SUSPICIOUS_MOVE = YES;
				CLANG_WARN_UNGUARDED_AVAILABILITY = YES_AGGRESSIVE;
				CLANG_WARN_UNREACHABLE_CODE = YES;
				CLANG_WARN__DUPLICATE_METHOD_MATCH = YES;
				COPY_PHASE_STRIP = NO;
				DEBUG_INFORMATION_FORMAT = dwarf;
				ENABLE_STRICT_OBJC_MSGSEND = YES;
				ENABLE_TESTABILITY = YES;
				GCC_C_LANGUAGE_STANDARD = gnu11;
				GCC_DYNAMIC_NO_PIC = NO;
				GCC_NO_COMMON_BLOCKS = YES;
				GCC_OPTIMIZATION_LEVEL = 0;
				GCC_PREPROCESSOR_DEFINITIONS = (
					"DEBUG=1",
					"$(inherited)",
				);
				GCC_WARN_64_TO_32_BIT_CONVERSION = YES;
				GCC_WARN_ABOUT_RETURN_TYPE = YES_ERROR;
				GCC_WARN_UNDECLARED_SELECTOR = YES;
				GCC_WARN_UNINITIALIZED_AUTOS = YES_AGGRESSIVE;
				GCC_WARN_UNUSED_FUNCTION = YES;
				GCC_WARN_UNUSED_VARIABLE = YES;
				IPHONEOS_DEPLOYMENT_TARGET = 15.4;
				MTL_ENABLE_DEBUG_INFO = INCLUDE_SOURCE;
				MTL_FAST_MATH = YES;
				ONLY_ACTIVE_ARCH = YES;
				SDKROOT = iphoneos;
				SWIFT_ACTIVE_COMPILATION_CONDITIONS = DEBUG;
				SWIFT_OPTIMIZATION_LEVEL = "-Onone";
			};
			name = Debug;
		};
		B5C10EC7280590500098F98A /* Release */ = {
			isa = XCBuildConfiguration;
			buildSettings = {
				ALWAYS_SEARCH_USER_PATHS = NO;
				CLANG_ANALYZER_NONNULL = YES;
				CLANG_ANALYZER_NUMBER_OBJECT_CONVERSION = YES_AGGRESSIVE;
				CLANG_CXX_LANGUAGE_STANDARD = "gnu++17";
				CLANG_ENABLE_MODULES = YES;
				CLANG_ENABLE_OBJC_ARC = YES;
				CLANG_ENABLE_OBJC_WEAK = YES;
				CLANG_WARN_BLOCK_CAPTURE_AUTORELEASING = YES;
				CLANG_WARN_BOOL_CONVERSION = YES;
				CLANG_WARN_COMMA = YES;
				CLANG_WARN_CONSTANT_CONVERSION = YES;
				CLANG_WARN_DEPRECATED_OBJC_IMPLEMENTATIONS = YES;
				CLANG_WARN_DIRECT_OBJC_ISA_USAGE = YES_ERROR;
				CLANG_WARN_DOCUMENTATION_COMMENTS = YES;
				CLANG_WARN_EMPTY_BODY = YES;
				CLANG_WARN_ENUM_CONVERSION = YES;
				CLANG_WARN_INFINITE_RECURSION = YES;
				CLANG_WARN_INT_CONVERSION = YES;
				CLANG_WARN_NON_LITERAL_NULL_CONVERSION = YES;
				CLANG_WARN_OBJC_IMPLICIT_RETAIN_SELF = YES;
				CLANG_WARN_OBJC_LITERAL_CONVERSION = YES;
				CLANG_WARN_OBJC_ROOT_CLASS = YES_ERROR;
				CLANG_WARN_QUOTED_INCLUDE_IN_FRAMEWORK_HEADER = YES;
				CLANG_WARN_RANGE_LOOP_ANALYSIS = YES;
				CLANG_WARN_STRICT_PROTOTYPES = YES;
				CLANG_WARN_SUSPICIOUS_MOVE = YES;
				CLANG_WARN_UNGUARDED_AVAILABILITY = YES_AGGRESSIVE;
				CLANG_WARN_UNREACHABLE_CODE = YES;
				CLANG_WARN__DUPLICATE_METHOD_MATCH = YES;
				COPY_PHASE_STRIP = NO;
				DEBUG_INFORMATION_FORMAT = "dwarf-with-dsym";
				ENABLE_NS_ASSERTIONS = NO;
				ENABLE_STRICT_OBJC_MSGSEND = YES;
				GCC_C_LANGUAGE_STANDARD = gnu11;
				GCC_NO_COMMON_BLOCKS = YES;
				GCC_WARN_64_TO_32_BIT_CONVERSION = YES;
				GCC_WARN_ABOUT_RETURN_TYPE = YES_ERROR;
				GCC_WARN_UNDECLARED_SELECTOR = YES;
				GCC_WARN_UNINITIALIZED_AUTOS = YES_AGGRESSIVE;
				GCC_WARN_UNUSED_FUNCTION = YES;
				GCC_WARN_UNUSED_VARIABLE = YES;
				IPHONEOS_DEPLOYMENT_TARGET = 15.4;
				MTL_ENABLE_DEBUG_INFO = NO;
				MTL_FAST_MATH = YES;
				SDKROOT = iphoneos;
				SWIFT_COMPILATION_MODE = wholemodule;
				SWIFT_OPTIMIZATION_LEVEL = "-O";
				VALIDATE_PRODUCT = YES;
			};
			name = Release;
		};
		B5C10EC9280590500098F98A /* Debug */ = {
			isa = XCBuildConfiguration;
			buildSettings = {
				ASSETCATALOG_COMPILER_APPICON_NAME = AppIcon;
				ASSETCATALOG_COMPILER_GLOBAL_ACCENT_COLOR_NAME = AccentColor;
				CODE_SIGN_STYLE = Automatic;
				CURRENT_PROJECT_VERSION = 1;
				GENERATE_INFOPLIST_FILE = YES;
				INFOPLIST_FILE = VrtualTourist/Info.plist;
				INFOPLIST_KEY_UIApplicationSupportsIndirectInputEvents = YES;
				INFOPLIST_KEY_UILaunchStoryboardName = LaunchScreen;
				INFOPLIST_KEY_UIMainStoryboardFile = Main;
				INFOPLIST_KEY_UISupportedInterfaceOrientations_iPad = "UIInterfaceOrientationPortrait UIInterfaceOrientationPortraitUpsideDown UIInterfaceOrientationLandscapeLeft UIInterfaceOrientationLandscapeRight";
				INFOPLIST_KEY_UISupportedInterfaceOrientations_iPhone = "UIInterfaceOrientationPortrait UIInterfaceOrientationLandscapeLeft UIInterfaceOrientationLandscapeRight";
				LD_RUNPATH_SEARCH_PATHS = (
					"$(inherited)",
					"@executable_path/Frameworks",
				);
				MARKETING_VERSION = 1.0;
				PRODUCT_BUNDLE_IDENTIFIER = Udacity.VrtualTourist;
				PRODUCT_NAME = "$(TARGET_NAME)";
				SWIFT_EMIT_LOC_STRINGS = YES;
				SWIFT_VERSION = 5.0;
				TARGETED_DEVICE_FAMILY = "1,2";
			};
			name = Debug;
		};
		B5C10ECA280590500098F98A /* Release */ = {
			isa = XCBuildConfiguration;
			buildSettings = {
				ASSETCATALOG_COMPILER_APPICON_NAME = AppIcon;
				ASSETCATALOG_COMPILER_GLOBAL_ACCENT_COLOR_NAME = AccentColor;
				CODE_SIGN_STYLE = Automatic;
				CURRENT_PROJECT_VERSION = 1;
				GENERATE_INFOPLIST_FILE = YES;
				INFOPLIST_FILE = VrtualTourist/Info.plist;
				INFOPLIST_KEY_UIApplicationSupportsIndirectInputEvents = YES;
				INFOPLIST_KEY_UILaunchStoryboardName = LaunchScreen;
				INFOPLIST_KEY_UIMainStoryboardFile = Main;
				INFOPLIST_KEY_UISupportedInterfaceOrientations_iPad = "UIInterfaceOrientationPortrait UIInterfaceOrientationPortraitUpsideDown UIInterfaceOrientationLandscapeLeft UIInterfaceOrientationLandscapeRight";
				INFOPLIST_KEY_UISupportedInterfaceOrientations_iPhone = "UIInterfaceOrientationPortrait UIInterfaceOrientationLandscapeLeft UIInterfaceOrientationLandscapeRight";
				LD_RUNPATH_SEARCH_PATHS = (
					"$(inherited)",
					"@executable_path/Frameworks",
				);
				MARKETING_VERSION = 1.0;
				PRODUCT_BUNDLE_IDENTIFIER = Udacity.VrtualTourist;
				PRODUCT_NAME = "$(TARGET_NAME)";
				SWIFT_EMIT_LOC_STRINGS = YES;
				SWIFT_VERSION = 5.0;
				TARGETED_DEVICE_FAMILY = "1,2";
			};
			name = Release;
		};
/* End XCBuildConfiguration section */

/* Begin XCConfigurationList section */
		B5C10EAF2805904F0098F98A /* Build configuration list for PBXProject "VrtualTourist" */ = {
			isa = XCConfigurationList;
			buildConfigurations = (
				B5C10EC6280590500098F98A /* Debug */,
				B5C10EC7280590500098F98A /* Release */,
			);
			defaultConfigurationIsVisible = 0;
			defaultConfigurationName = Release;
		};
		B5C10EC8280590500098F98A /* Build configuration list for PBXNativeTarget "VrtualTourist" */ = {
			isa = XCConfigurationList;
			buildConfigurations = (
				B5C10EC9280590500098F98A /* Debug */,
				B5C10ECA280590500098F98A /* Release */,
			);
			defaultConfigurationIsVisible = 0;
			defaultConfigurationName = Release;
		};
/* End XCConfigurationList section */

/* Begin XCVersionGroup section */
		B5C10ECD280594D10098F98A /* VirtualTourist.xcdatamodeld */ = {
			isa = XCVersionGroup;
			children = (
				B5C10ECE280594D10098F98A /* VirtualTourist.xcdatamodel */,
			);
			currentVersion = B5C10ECE280594D10098F98A /* VirtualTourist.xcdatamodel */;
			path = VirtualTourist.xcdatamodeld;
			sourceTree = "<group>";
			versionGroupType = wrapper.xcdatamodel;
		};
/* End XCVersionGroup section */
	};
	rootObject = B5C10EAC2805904F0098F98A /* Project object */;
}
